
Microsoft Visual Studio Solution File, Format Version 12.00
# Visual Studio 14
VisualStudioVersion = 14.0.24720.0
MinimumVisualStudioVersion = 10.0.40219.1
Project("{F184B08F-C81C-45F6-A57F-5ABD9991F28F}") = "LazyFramework.CQRS", "LazyFramework.CQRS\LazyFramework.CQRS.vbproj", "{478C54CA-00C8-4F36-B3C5-AE7291270F70}"
EndProject
Project("{F184B08F-C81C-45F6-A57F-5ABD9991F28F}") = "LazyFramework", "Framework\LazyFramework.vbproj", "{D72CA321-6426-4493-BCC5-961284F1C51A}"
EndProject
Project("{F184B08F-C81C-45F6-A57F-5ABD9991F28F}") = "LazyFramework.Test", "Framework.Test\LazyFramework.Test.vbproj", "{7244C152-0CAD-4A1F-B911-3BFECD923E1B}"
EndProject
Global
	GlobalSection(SolutionConfigurationPlatforms) = preSolution
		Debug|Any CPU = Debug|Any CPU
		DebugPersonalarkiv|Any CPU = DebugPersonalarkiv|Any CPU
		Release|Any CPU = Release|Any CPU
	EndGlobalSection
	GlobalSection(ProjectConfigurationPlatforms) = postSolution
		{478C54CA-00C8-4F36-B3C5-AE7291270F70}.Debug|Any CPU.ActiveCfg = Debug|Any CPU
		{478C54CA-00C8-4F36-B3C5-AE7291270F70}.Debug|Any CPU.Build.0 = Debug|Any CPU
		{478C54CA-00C8-4F36-B3C5-AE7291270F70}.DebugPersonalarkiv|Any CPU.ActiveCfg = Debug|Any CPU
		{478C54CA-00C8-4F36-B3C5-AE7291270F70}.DebugPersonalarkiv|Any CPU.Build.0 = Debug|Any CPU
		{478C54CA-00C8-4F36-B3C5-AE7291270F70}.Release|Any CPU.ActiveCfg = Release|Any CPU
		{478C54CA-00C8-4F36-B3C5-AE7291270F70}.Release|Any CPU.Build.0 = Release|Any CPU
		{D72CA321-6426-4493-BCC5-961284F1C51A}.Debug|Any CPU.ActiveCfg = Debug|Any CPU
		{D72CA321-6426-4493-BCC5-961284F1C51A}.Debug|Any CPU.Build.0 = Debug|Any CPU
		{D72CA321-6426-4493-BCC5-961284F1C51A}.DebugPersonalarkiv|Any CPU.ActiveCfg = DebugPersonalarkiv|Any CPU
		{D72CA321-6426-4493-BCC5-961284F1C51A}.DebugPersonalarkiv|Any CPU.Build.0 = DebugPersonalarkiv|Any CPU
		{D72CA321-6426-4493-BCC5-961284F1C51A}.Release|Any CPU.ActiveCfg = Release|Any CPU
		{D72CA321-6426-4493-BCC5-961284F1C51A}.Release|Any CPU.Build.0 = Release|Any CPU
		{7244C152-0CAD-4A1F-B911-3BFECD923E1B}.Debug|Any CPU.ActiveCfg = Debug|Any CPU
		{7244C152-0CAD-4A1F-B911-3BFECD923E1B}.Debug|Any CPU.Build.0 = Debug|Any CPU
		{7244C152-0CAD-4A1F-B911-3BFECD923E1B}.DebugPersonalarkiv|Any CPU.ActiveCfg = Debug|Any CPU
		{7244C152-0CAD-4A1F-B911-3BFECD923E1B}.DebugPersonalarkiv|Any CPU.Build.0 = Debug|Any CPU
		{7244C152-0CAD-4A1F-B911-3BFECD923E1B}.Release|Any CPU.ActiveCfg = Release|Any CPU
		{7244C152-0CAD-4A1F-B911-3BFECD923E1B}.Release|Any CPU.Build.0 = Release|Any CPU
	EndGlobalSection
	GlobalSection(SolutionProperties) = preSolution
		HideSolutionNode = FALSE
	EndGlobalSection
EndGlobal
